
Microsoft Visual Studio Solution File, Format Version 12.00
# Visual Studio Version 17
VisualStudioVersion = 17.14.36121.58 d17.14
MinimumVisualStudioVersion = 10.0.40219.1
Project("{FAE04EC0-301F-11D3-BF4B-00C04F79EFBC}") = "PreVacayNut", "PreVacayNut\PreVacayNut.csproj", "{568ADB83-FBE5-4881-8A98-3F0518C389F1}"
EndProject
Project("{FAE04EC0-301F-11D3-BF4B-00C04F79EFBC}") = "PreVacayNuttier", "PreVacayNuttier\PreVacayNuttier.csproj", "{9271CB79-AE90-453A-A977-94ECDE89F8EC}"
EndProject
Project("{FAE04EC0-301F-11D3-BF4B-00C04F79EFBC}") = "PreVacayNuttiest", "PreVacayNuttiest\PreVacayNuttiest.csproj", "{054662C3-8507-4F38-9B2B-010771E37E12}"
EndProject
Global
	GlobalSection(SolutionConfigurationPlatforms) = preSolution
		Debug|Any CPU = Debug|Any CPU
		Release|Any CPU = Release|Any CPU
	EndGlobalSection
	GlobalSection(ProjectConfigurationPlatforms) = postSolution
		{568ADB83-FBE5-4881-8A98-3F0518C389F1}.Debug|Any CPU.ActiveCfg = Debug|Any CPU
		{568ADB83-FBE5-4881-8A98-3F0518C389F1}.Debug|Any CPU.Build.0 = Debug|Any CPU
		{568ADB83-FBE5-4881-8A98-3F0518C389F1}.Release|Any CPU.ActiveCfg = Release|Any CPU
		{568ADB83-FBE5-4881-8A98-3F0518C389F1}.Release|Any CPU.Build.0 = Release|Any CPU
		{9271CB79-AE90-453A-A977-94ECDE89F8EC}.Debug|Any CPU.ActiveCfg = Debug|Any CPU
		{9271CB79-AE90-453A-A977-94ECDE89F8EC}.Debug|Any CPU.Build.0 = Debug|Any CPU
		{9271CB79-AE90-453A-A977-94ECDE89F8EC}.Release|Any CPU.ActiveCfg = Release|Any CPU
		{9271CB79-AE90-453A-A977-94ECDE89F8EC}.Release|Any CPU.Build.0 = Release|Any CPU
		{054662C3-8507-4F38-9B2B-010771E37E12}.Debug|Any CPU.ActiveCfg = Debug|Any CPU
		{054662C3-8507-4F38-9B2B-010771E37E12}.Debug|Any CPU.Build.0 = Debug|Any CPU
		{054662C3-8507-4F38-9B2B-010771E37E12}.Release|Any CPU.ActiveCfg = Release|Any CPU
		{054662C3-8507-4F38-9B2B-010771E37E12}.Release|Any CPU.Build.0 = Release|Any CPU
	EndGlobalSection
	GlobalSection(SolutionProperties) = preSolution
		HideSolutionNode = FALSE
	EndGlobalSection
	GlobalSection(ExtensibilityGlobals) = postSolution
		SolutionGuid = {C3B31E20-73C4-4880-9BE9-E286D4589C48}
	EndGlobalSection
EndGlobal
